// !$*UTF8*$!
{
	archiveVersion = 1;
	classes = {
	};
	objectVersion = 77;
	objects = {

/* Begin PBXContainerItemProxy section */
		A01105262E2E0BEF0013A909 /* PBXContainerItemProxy */ = {
			isa = PBXContainerItemProxy;
			containerPortal = A011050D2E2E0BE40013A909 /* Project object */;
			proxyType = 1;
			remoteGlobalIDString = A01105142E2E0BE40013A909;
			remoteInfo = WeatherView;
		};
		A01105302E2E0BEF0013A909 /* PBXContainerItemProxy */ = {
			isa = PBXContainerItemProxy;
			containerPortal = A011050D2E2E0BE40013A909 /* Project object */;
			proxyType = 1;
			remoteGlobalIDString = A01105142E2E0BE40013A909;
			remoteInfo = WeatherView;
		};
/* End PBXContainerItemProxy section */

/* Begin PBXFileReference section */
		A01105152E2E0BE40013A909 /* WeatherView.app */ = {isa = PBXFileReference; explicitFileType = wrapper.application; includeInIndex = 0; path = WeatherView.app; sourceTree = BUILT_PRODUCTS_DIR; };
		A01105252E2E0BEF0013A909 /* WeatherViewTests.xctest */ = {isa = PBXFileReference; explicitFileType = wrapper.cfbundle; includeInIndex = 0; path = WeatherViewTests.xctest; sourceTree = BUILT_PRODUCTS_DIR; };
		A011052F2E2E0BEF0013A909 /* WeatherViewUITests.xctest */ = {isa = PBXFileReference; explicitFileType = wrapper.cfbundle; includeInIndex = 0; path = WeatherViewUITests.xctest; sourceTree = BUILT_PRODUCTS_DIR; };
/* End PBXFileReference section */

/* Begin PBXFileSystemSynchronizedBuildFileExceptionSet section */
		A05CC90B2E31FE4A00B42119 /* Exceptions for "WeatherView" folder in "WeatherView" target */ = {
			isa = PBXFileSystemSynchronizedBuildFileExceptionSet;
			membershipExceptions = (
				Info.plist,
			);
			target = A01105142E2E0BE40013A909 /* WeatherView */;
		};
/* End PBXFileSystemSynchronizedBuildFileExceptionSet section */

/* Begin PBXFileSystemSynchronizedRootGroup section */
		A01105172E2E0BE40013A909 /* WeatherView */ = {
			isa = PBXFileSystemSynchronizedRootGroup;
			exceptions = (
				A05CC90B2E31FE4A00B42119 /* Exceptions for "WeatherView" folder in "WeatherView" target */,
			);
			path = WeatherView;
			sourceTree = "<group>";
		};
		A01105282E2E0BEF0013A909 /* WeatherViewTests */ = {
			isa = PBXFileSystemSynchronizedRootGroup;
			path = WeatherViewTests;
			sourceTree = "<group>";
		};
		A01105322E2E0BEF0013A909 /* WeatherViewUITests */ = {
			isa = PBXFileSystemSynchronizedRootGroup;
			path = WeatherViewUITests;
			sourceTree = "<group>";
		};
/* End PBXFileSystemSynchronizedRootGroup section */

/* Begin PBXFrameworksBuildPhase section */
		A01105122E2E0BE40013A909 /* Frameworks */ = {
			isa = PBXFrameworksBuildPhase;
			buildActionMask = 2147483647;
			files = (
			);
			runOnlyForDeploymentPostprocessing = 0;
		};
		A01105222E2E0BEF0013A909 /* Frameworks */ = {
			isa = PBXFrameworksBuildPhase;
			buildActionMask = 2147483647;
			files = (
			);
			runOnlyForDeploymentPostprocessing = 0;
		};
		A011052C2E2E0BEF0013A909 /* Frameworks */ = {
			isa = PBXFrameworksBuildPhase;
			buildActionMask = 2147483647;
			files = (
			);
			runOnlyForDeploymentPostprocessing = 0;
		};
/* End PBXFrameworksBuildPhase section */

/* Begin PBXGroup section */
		A011050C2E2E0BE40013A909 = {
			isa = PBXGroup;
			children = (
				A01105172E2E0BE40013A909 /* WeatherView */,
				A01105282E2E0BEF0013A909 /* WeatherViewTests */,
				A01105322E2E0BEF0013A909 /* WeatherViewUITests */,
				A01105162E2E0BE40013A909 /* Products */,
			);
			sourceTree = "<group>";
		};
		A01105162E2E0BE40013A909 /* Products */ = {
			isa = PBXGroup;
			children = (
				A01105152E2E0BE40013A909 /* WeatherView.app */,
				A01105252E2E0BEF0013A909 /* WeatherViewTests.xctest */,
				A011052F2E2E0BEF0013A909 /* WeatherViewUITests.xctest */,
			);
			name = Products;
			sourceTree = "<group>";
		};
/* End PBXGroup section */

/* Begin PBXNativeTarget section */
		A01105142E2E0BE40013A909 /* WeatherView */ = {
			isa = PBXNativeTarget;
			buildConfigurationList = A01105392E2E0BEF0013A909 /* Build configuration list for PBXNativeTarget "WeatherView" */;
			buildPhases = (
				A01105112E2E0BE40013A909 /* Sources */,
				A01105122E2E0BE40013A909 /* Frameworks */,
				A01105132E2E0BE40013A909 /* Resources */,
			);
			buildRules = (
			);
			dependencies = (
			);
			fileSystemSynchronizedGroups = (
				A01105172E2E0BE40013A909 /* WeatherView */,
			);
			name = WeatherView;
			packageProductDependencies = (
			);
			productName = WeatherView;
			productReference = A01105152E2E0BE40013A909 /* WeatherView.app */;
			productType = "com.apple.product-type.application";
		};
		A01105242E2E0BEF0013A909 /* WeatherViewTests */ = {
			isa = PBXNativeTarget;
			buildConfigurationList = A011053C2E2E0BEF0013A909 /* Build configuration list for PBXNativeTarget "WeatherViewTests" */;
			buildPhases = (
				A01105212E2E0BEF0013A909 /* Sources */,
				A01105222E2E0BEF0013A909 /* Frameworks */,
				A01105232E2E0BEF0013A909 /* Resources */,
			);
			buildRules = (
			);
			dependencies = (
				A01105272E2E0BEF0013A909 /* PBXTargetDependency */,
			);
			fileSystemSynchronizedGroups = (
				A01105282E2E0BEF0013A909 /* WeatherViewTests */,
			);
			name = WeatherViewTests;
			packageProductDependencies = (
			);
			productName = WeatherViewTests;
			productReference = A01105252E2E0BEF0013A909 /* WeatherViewTests.xctest */;
			productType = "com.apple.product-type.bundle.unit-test";
		};
		A011052E2E2E0BEF0013A909 /* WeatherViewUITests */ = {
			isa = PBXNativeTarget;
			buildConfigurationList = A011053F2E2E0BEF0013A909 /* Build configuration list for PBXNativeTarget "WeatherViewUITests" */;
			buildPhases = (
				A011052B2E2E0BEF0013A909 /* Sources */,
				A011052C2E2E0BEF0013A909 /* Frameworks */,
				A011052D2E2E0BEF0013A909 /* Resources */,
			);
			buildRules = (
			);
			dependencies = (
				A01105312E2E0BEF0013A909 /* PBXTargetDependency */,
			);
			fileSystemSynchronizedGroups = (
				A01105322E2E0BEF0013A909 /* WeatherViewUITests */,
			);
			name = WeatherViewUITests;
			packageProductDependencies = (
			);
			productName = WeatherViewUITests;
			productReference = A011052F2E2E0BEF0013A909 /* WeatherViewUITests.xctest */;
			productType = "com.apple.product-type.bundle.ui-testing";
		};
/* End PBXNativeTarget section */

/* Begin PBXProject section */
		A011050D2E2E0BE40013A909 /* Project object */ = {
			isa = PBXProject;
			attributes = {
				BuildIndependentTargetsInParallel = 1;
				LastSwiftUpdateCheck = 1600;
				LastUpgradeCheck = 1600;
				TargetAttributes = {
					A01105142E2E0BE40013A909 = {
						CreatedOnToolsVersion = 16.0;
					};
					A01105242E2E0BEF0013A909 = {
						CreatedOnToolsVersion = 16.0;
						TestTargetID = A01105142E2E0BE40013A909;
					};
					A011052E2E2E0BEF0013A909 = {
						CreatedOnToolsVersion = 16.0;
						TestTargetID = A01105142E2E0BE40013A909;
					};
				};
			};
			buildConfigurationList = A01105102E2E0BE40013A909 /* Build configuration list for PBXProject "WeatherView" */;
			developmentRegion = en;
			hasScannedForEncodings = 0;
			knownRegions = (
				en,
				Base,
			);
			mainGroup = A011050C2E2E0BE40013A909;
			minimizedProjectReferenceProxies = 1;
			preferredProjectObjectVersion = 77;
			productRefGroup = A01105162E2E0BE40013A909 /* Products */;
			projectDirPath = "";
			projectRoot = "";
			targets = (
				A01105142E2E0BE40013A909 /* WeatherView */,
				A01105242E2E0BEF0013A909 /* WeatherViewTests */,
				A011052E2E2E0BEF0013A909 /* WeatherViewUITests */,
			);
		};
/* End PBXProject section */

/* Begin PBXResourcesBuildPhase section */
		A01105132E2E0BE40013A909 /* Resources */ = {
			isa = PBXResourcesBuildPhase;
			buildActionMask = 2147483647;
			files = (
			);
			runOnlyForDeploymentPostprocessing = 0;
		};
		A01105232E2E0BEF0013A909 /* Resources */ = {
			isa = PBXResourcesBuildPhase;
			buildActionMask = 2147483647;
			files = (
			);
			runOnlyForDeploymentPostprocessing = 0;
		};
		A011052D2E2E0BEF0013A909 /* Resources */ = {
			isa = PBXResourcesBuildPhase;
			buildActionMask = 2147483647;
			files = (
			);
			runOnlyForDeploymentPostprocessing = 0;
		};
/* End PBXResourcesBuildPhase section */

/* Begin PBXSourcesBuildPhase section */
		A01105112E2E0BE40013A909 /* Sources */ = {
			isa = PBXSourcesBuildPhase;
			buildActionMask = 2147483647;
			files = (
			);
			runOnlyForDeploymentPostprocessing = 0;
		};
		A01105212E2E0BEF0013A909 /* Sources */ = {
			isa = PBXSourcesBuildPhase;
			buildActionMask = 2147483647;
			files = (
			);
			runOnlyForDeploymentPostprocessing = 0;
		};
		A011052B2E2E0BEF0013A909 /* Sources */ = {
			isa = PBXSourcesBuildPhase;
			buildActionMask = 2147483647;
			files = (
			);
			runOnlyForDeploymentPostprocessing = 0;
		};
/* End PBXSourcesBuildPhase section */

/* Begin PBXTargetDependency section */
		A01105272E2E0BEF0013A909 /* PBXTargetDependency */ = {
			isa = PBXTargetDependency;
			target = A01105142E2E0BE40013A909 /* WeatherView */;
			targetProxy = A01105262E2E0BEF0013A909 /* PBXContainerItemProxy */;
		};
		A01105312E2E0BEF0013A909 /* PBXTargetDependency */ = {
			isa = PBXTargetDependency;
			target = A01105142E2E0BE40013A909 /* WeatherView */;
			targetProxy = A01105302E2E0BEF0013A909 /* PBXContainerItemProxy */;
		};
/* End PBXTargetDependency section */

/* Begin XCBuildConfiguration section */
		A01105372E2E0BEF0013A909 /* Debug */ = {
			isa = XCBuildConfiguration;
			baseConfigurationReferenceAnchor = A01105172E2E0BE40013A909 /* WeatherView */;
			baseConfigurationReferenceRelativePath = Secrets.xcconfig;
			buildSettings = {
				ALWAYS_SEARCH_USER_PATHS = NO;
				ASSETCATALOG_COMPILER_GENERATE_SWIFT_ASSET_SYMBOL_EXTENSIONS = YES;
				CLANG_ANALYZER_NONNULL = YES;
				CLANG_ANALYZER_NUMBER_OBJECT_CONVERSION = YES_AGGRESSIVE;
				CLANG_CXX_LANGUAGE_STANDARD = "gnu++20";
				CLANG_ENABLE_MODULES = YES;
				CLANG_ENABLE_OBJC_ARC = YES;
				CLANG_ENABLE_OBJC_WEAK = YES;
				CLANG_WARN_BLOCK_CAPTURE_AUTORELEASING = YES;
				CLANG_WARN_BOOL_CONVERSION = YES;
				CLANG_WARN_COMMA = YES;
				CLANG_WARN_CONSTANT_CONVERSION = YES;
				CLANG_WARN_DEPRECATED_OBJC_IMPLEMENTATIONS = YES;
				CLANG_WARN_DIRECT_OBJC_ISA_USAGE = YES_ERROR;
				CLANG_WARN_DOCUMENTATION_COMMENTS = YES;
				CLANG_WARN_EMPTY_BODY = YES;
				CLANG_WARN_ENUM_CONVERSION = YES;
				CLANG_WARN_INFINITE_RECURSION = YES;
				CLANG_WARN_INT_CONVERSION = YES;
				CLANG_WARN_NON_LITERAL_NULL_CONVERSION = YES;
				CLANG_WARN_OBJC_IMPLICIT_RETAIN_SELF = YES;
				CLANG_WARN_OBJC_LITERAL_CONVERSION = YES;
				CLANG_WARN_OBJC_ROOT_CLASS = YES_ERROR;
				CLANG_WARN_QUOTED_INCLUDE_IN_FRAMEWORK_HEADER = YES;
				CLANG_WARN_RANGE_LOOP_ANALYSIS = YES;
				CLANG_WARN_STRICT_PROTOTYPES = YES;
				CLANG_WARN_SUSPICIOUS_MOVE = YES;
				CLANG_WARN_UNGUARDED_AVAILABILITY = YES_AGGRESSIVE;
				CLANG_WARN_UNREACHABLE_CODE = YES;
				CLANG_WARN__DUPLICATE_METHOD_MATCH = YES;
				COPY_PHASE_STRIP = NO;
				DEBUG_INFORMATION_FORMAT = dwarf;
				ENABLE_STRICT_OBJC_MSGSEND = YES;
				ENABLE_TESTABILITY = YES;
				ENABLE_USER_SCRIPT_SANDBOXING = YES;
				GCC_C_LANGUAGE_STANDARD = gnu17;
				GCC_DYNAMIC_NO_PIC = NO;
				GCC_NO_COMMON_BLOCKS = YES;
				GCC_OPTIMIZATION_LEVEL = 0;
				GCC_PREPROCESSOR_DEFINITIONS = (
					"DEBUG=1",
					"$(inherited)",
				);
				GCC_WARN_64_TO_32_BIT_CONVERSION = YES;
				GCC_WARN_ABOUT_RETURN_TYPE = YES_ERROR;
				GCC_WARN_UNDECLARED_SELECTOR = YES;
				GCC_WARN_UNINITIALIZED_AUTOS = YES_AGGRESSIVE;
				GCC_WARN_UNUSED_FUNCTION = YES;
				GCC_WARN_UNUSED_VARIABLE = YES;
				GENERATE_INFOPLIST_FILE = NO;
				IPHONEOS_DEPLOYMENT_TARGET = 18.0;
				LOCALIZATION_PREFERS_STRING_CATALOGS = YES;
				MTL_ENABLE_DEBUG_INFO = INCLUDE_SOURCE;
				MTL_FAST_MATH = YES;
				ONLY_ACTIVE_ARCH = YES;
				SDKROOT = iphoneos;
				SWIFT_ACTIVE_COMPILATION_CONDITIONS = "DEBUG $(inherited)";
				SWIFT_OPTIMIZATION_LEVEL = "-Onone";
			};
			name = Debug;
		};
		A01105382E2E0BEF0013A909 /* Release */ = {
			isa = XCBuildConfiguration;
			baseConfigurationReferenceAnchor = A01105172E2E0BE40013A909 /* WeatherView */;
			baseConfigurationReferenceRelativePath = Secrets.xcconfig;
			buildSettings = {
				ALWAYS_SEARCH_USER_PATHS = NO;
				ASSETCATALOG_COMPILER_GENERATE_SWIFT_ASSET_SYMBOL_EXTENSIONS = YES;
				CLANG_ANALYZER_NONNULL = YES;
				CLANG_ANALYZER_NUMBER_OBJECT_CONVERSION = YES_AGGRESSIVE;
				CLANG_CXX_LANGUAGE_STANDARD = "gnu++20";
				CLANG_ENABLE_MODULES = YES;
				CLANG_ENABLE_OBJC_ARC = YES;
				CLANG_ENABLE_OBJC_WEAK = YES;
				CLANG_WARN_BLOCK_CAPTURE_AUTORELEASING = YES;
				CLANG_WARN_BOOL_CONVERSION = YES;
				CLANG_WARN_COMMA = YES;
				CLANG_WARN_CONSTANT_CONVERSION = YES;
				CLANG_WARN_DEPRECATED_OBJC_IMPLEMENTATIONS = YES;
				CLANG_WARN_DIRECT_OBJC_ISA_USAGE = YES_ERROR;
				CLANG_WARN_DOCUMENTATION_COMMENTS = YES;
				CLANG_WARN_EMPTY_BODY = YES;
				CLANG_WARN_ENUM_CONVERSION = YES;
				CLANG_WARN_INFINITE_RECURSION = YES;
				CLANG_WARN_INT_CONVERSION = YES;
				CLANG_WARN_NON_LITERAL_NULL_CONVERSION = YES;
				CLANG_WARN_OBJC_IMPLICIT_RETAIN_SELF = YES;
				CLANG_WARN_OBJC_LITERAL_CONVERSION = YES;
				CLANG_WARN_OBJC_ROOT_CLASS = YES_ERROR;
				CLANG_WARN_QUOTED_INCLUDE_IN_FRAMEWORK_HEADER = YES;
				CLANG_WARN_RANGE_LOOP_ANALYSIS = YES;
				CLANG_WARN_STRICT_PROTOTYPES = YES;
				CLANG_WARN_SUSPICIOUS_MOVE = YES;
				CLANG_WARN_UNGUARDED_AVAILABILITY = YES_AGGRESSIVE;
				CLANG_WARN_UNREACHABLE_CODE = YES;
				CLANG_WARN__DUPLICATE_METHOD_MATCH = YES;
				COPY_PHASE_STRIP = NO;
				DEBUG_INFORMATION_FORMAT = "dwarf-with-dsym";
				ENABLE_NS_ASSERTIONS = NO;
				ENABLE_STRICT_OBJC_MSGSEND = YES;
				ENABLE_USER_SCRIPT_SANDBOXING = YES;
				GCC_C_LANGUAGE_STANDARD = gnu17;
				GCC_NO_COMMON_BLOCKS = YES;
				GCC_WARN_64_TO_32_BIT_CONVERSION = YES;
				GCC_WARN_ABOUT_RETURN_TYPE = YES_ERROR;
				GCC_WARN_UNDECLARED_SELECTOR = YES;
				GCC_WARN_UNINITIALIZED_AUTOS = YES_AGGRESSIVE;
				GCC_WARN_UNUSED_FUNCTION = YES;
				GCC_WARN_UNUSED_VARIABLE = YES;
				GENERATE_INFOPLIST_FILE = NO;
				IPHONEOS_DEPLOYMENT_TARGET = 18.0;
				LOCALIZATION_PREFERS_STRING_CATALOGS = YES;
				MTL_ENABLE_DEBUG_INFO = NO;
				MTL_FAST_MATH = YES;
				SDKROOT = iphoneos;
				SWIFT_COMPILATION_MODE = wholemodule;
				VALIDATE_PRODUCT = YES;
			};
			name = Release;
		};
		A011053A2E2E0BEF0013A909 /* Debug */ = {
			isa = XCBuildConfiguration;
			baseConfigurationReferenceAnchor = A01105172E2E0BE40013A909 /* WeatherView */;
			baseConfigurationReferenceRelativePath = Secrets.xcconfig;
			buildSettings = {
				API_KEY = "$(API_KEY)";
				ASSETCATALOG_COMPILER_APPICON_NAME = AppIcon;
				ASSETCATALOG_COMPILER_GLOBAL_ACCENT_COLOR_NAME = AccentColor;
				CODE_SIGN_STYLE = Automatic;
				CURRENT_PROJECT_VERSION = 1;
				DEVELOPMENT_ASSET_PATHS = "\"WeatherView/Preview Content\"";
				ENABLE_PREVIEWS = YES;
				GENERATE_INFOPLIST_FILE = YES;
				INFOPLIST_FILE = WeatherView/Info.plist;
				INFOPLIST_KEY_UIApplicationSceneManifest_Generation = YES;
				INFOPLIST_KEY_UIApplicationSupportsIndirectInputEvents = YES;
				INFOPLIST_KEY_UILaunchScreen_Generation = YES;
				INFOPLIST_KEY_UISupportedInterfaceOrientations_iPad = "UIInterfaceOrientationPortrait UIInterfaceOrientationPortraitUpsideDown UIInterfaceOrientationLandscapeLeft UIInterfaceOrientationLandscapeRight";
				INFOPLIST_KEY_UISupportedInterfaceOrientations_iPhone = "UIInterfaceOrientationPortrait UIInterfaceOrientationLandscapeLeft UIInterfaceOrientationLandscapeRight";
				LD_RUNPATH_SEARCH_PATHS = (
					"$(inherited)",
					"@executable_path/Frameworks",
				);
				MARKETING_VERSION = 1.0;
				PRODUCT_BUNDLE_IDENTIFIER = deko.WeatherView;
				PRODUCT_NAME = "$(TARGET_NAME)";
				SWIFT_EMIT_LOC_STRINGS = YES;
				SWIFT_VERSION = 5.0;
				TARGETED_DEVICE_FAMILY = "1,2";
			};
			name = Debug;
		};
		A011053B2E2E0BEF0013A909 /* Release */ = {
			isa = XCBuildConfiguration;
			baseConfigurationReferenceAnchor = A01105172E2E0BE40013A909 /* WeatherView */;
			baseConfigurationReferenceRelativePath = Secrets.xcconfig;
			buildSettings = {
				API_KEY = "$(API_KEY)";
				ASSETCATALOG_COMPILER_APPICON_NAME = AppIcon;
				ASSETCATALOG_COMPILER_GLOBAL_ACCENT_COLOR_NAME = AccentColor;
				CODE_SIGN_STYLE = Automatic;
				CURRENT_PROJECT_VERSION = 1;
				DEVELOPMENT_ASSET_PATHS = "\"WeatherView/Preview Content\"";
				ENABLE_PREVIEWS = YES;
				GENERATE_INFOPLIST_FILE = YES;
				INFOPLIST_FILE = WeatherView/Info.plist;
				INFOPLIST_KEY_UIApplicationSceneManifest_Generation = YES;
				INFOPLIST_KEY_UIApplicationSupportsIndirectInputEvents = YES;
				INFOPLIST_KEY_UILaunchScreen_Generation = YES;
				INFOPLIST_KEY_UISupportedInterfaceOrientations_iPad = "UIInterfaceOrientationPortrait UIInterfaceOrientationPortraitUpsideDown UIInterfaceOrientationLandscapeLeft UIInterfaceOrientationLandscapeRight";
				INFOPLIST_KEY_UISupportedInterfaceOrientations_iPhone = "UIInterfaceOrientationPortrait UIInterfaceOrientationLandscapeLeft UIInterfaceOrientationLandscapeRight";
				LD_RUNPATH_SEARCH_PATHS = (
					"$(inherited)",
					"@executable_path/Frameworks",
				);
				MARKETING_VERSION = 1.0;
				PRODUCT_BUNDLE_IDENTIFIER = deko.WeatherView;
				PRODUCT_NAME = "$(TARGET_NAME)";
				SWIFT_EMIT_LOC_STRINGS = YES;
				SWIFT_VERSION = 5.0;
				TARGETED_DEVICE_FAMILY = "1,2";
			};
			name = Release;
		};
		A011053D2E2E0BEF0013A909 /* Debug */ = {
			isa = XCBuildConfiguration;
			buildSettings = {
				BUNDLE_LOADER = "$(TEST_HOST)";
				CODE_SIGN_STYLE = Automatic;
				CURRENT_PROJECT_VERSION = 1;
				GENERATE_INFOPLIST_FILE = YES;
				IPHONEOS_DEPLOYMENT_TARGET = 18.0;
				MARKETING_VERSION = 1.0;
				PRODUCT_BUNDLE_IDENTIFIER = deko.WeatherViewTests;
				PRODUCT_NAME = "$(TARGET_NAME)";
				SWIFT_EMIT_LOC_STRINGS = NO;
				SWIFT_VERSION = 5.0;
				TARGETED_DEVICE_FAMILY = "1,2";
				TEST_HOST = "$(BUILT_PRODUCTS_DIR)/WeatherView.app/$(BUNDLE_EXECUTABLE_FOLDER_PATH)/WeatherView";
			};
			name = Debug;
		};
		A011053E2E2E0BEF0013A909 /* Release */ = {
			isa = XCBuildConfiguration;
			buildSettings = {
				BUNDLE_LOADER = "$(TEST_HOST)";
				CODE_SIGN_STYLE = Automatic;
				CURRENT_PROJECT_VERSION = 1;
				GENERATE_INFOPLIST_FILE = YES;
				IPHONEOS_DEPLOYMENT_TARGET = 18.0;
				MARKETING_VERSION = 1.0;
				PRODUCT_BUNDLE_IDENTIFIER = deko.WeatherViewTests;
				PRODUCT_NAME = "$(TARGET_NAME)";
				SWIFT_EMIT_LOC_STRINGS = NO;
				SWIFT_VERSION = 5.0;
				TARGETED_DEVICE_FAMILY = "1,2";
				TEST_HOST = "$(BUILT_PRODUCTS_DIR)/WeatherView.app/$(BUNDLE_EXECUTABLE_FOLDER_PATH)/WeatherView";
			};
			name = Release;
		};
		A01105402E2E0BEF0013A909 /* Debug */ = {
			isa = XCBuildConfiguration;
			buildSettings = {
				CODE_SIGN_STYLE = Automatic;
				CURRENT_PROJECT_VERSION = 1;
				GENERATE_INFOPLIST_FILE = YES;
				MARKETING_VERSION = 1.0;
				PRODUCT_BUNDLE_IDENTIFIER = deko.WeatherViewUITests;
				PRODUCT_NAME = "$(TARGET_NAME)";
				SWIFT_EMIT_LOC_STRINGS = NO;
				SWIFT_VERSION = 5.0;
				TARGETED_DEVICE_FAMILY = "1,2";
				TEST_TARGET_NAME = WeatherView;
			};
			name = Debug;
		};
		A01105412E2E0BEF0013A909 /* Release */ = {
			isa = XCBuildConfiguration;
			buildSettings = {
				CODE_SIGN_STYLE = Automatic;
				CURRENT_PROJECT_VERSION = 1;
				GENERATE_INFOPLIST_FILE = YES;
				MARKETING_VERSION = 1.0;
				PRODUCT_BUNDLE_IDENTIFIER = deko.WeatherViewUITests;
				PRODUCT_NAME = "$(TARGET_NAME)";
				SWIFT_EMIT_LOC_STRINGS = NO;
				SWIFT_VERSION = 5.0;
				TARGETED_DEVICE_FAMILY = "1,2";
				TEST_TARGET_NAME = WeatherView;
			};
			name = Release;
		};
/* End XCBuildConfiguration section */

/* Begin XCConfigurationList section */
		A01105102E2E0BE40013A909 /* Build configuration list for PBXProject "WeatherView" */ = {
			isa = XCConfigurationList;
			buildConfigurations = (
				A01105372E2E0BEF0013A909 /* Debug */,
				A01105382E2E0BEF0013A909 /* Release */,
			);
			defaultConfigurationIsVisible = 0;
			defaultConfigurationName = Release;
		};
		A01105392E2E0BEF0013A909 /* Build configuration list for PBXNativeTarget "WeatherView" */ = {
			isa = XCConfigurationList;
			buildConfigurations = (
				A011053A2E2E0BEF0013A909 /* Debug */,
				A011053B2E2E0BEF0013A909 /* Release */,
			);
			defaultConfigurationIsVisible = 0;
			defaultConfigurationName = Release;
		};
		A011053C2E2E0BEF0013A909 /* Build configuration list for PBXNativeTarget "WeatherViewTests" */ = {
			isa = XCConfigurationList;
			buildConfigurations = (
				A011053D2E2E0BEF0013A909 /* Debug */,
				A011053E2E2E0BEF0013A909 /* Release */,
			);
			defaultConfigurationIsVisible = 0;
			defaultConfigurationName = Release;
		};
		A011053F2E2E0BEF0013A909 /* Build configuration list for PBXNativeTarget "WeatherViewUITests" */ = {
			isa = XCConfigurationList;
			buildConfigurations = (
				A01105402E2E0BEF0013A909 /* Debug */,
				A01105412E2E0BEF0013A909 /* Release */,
			);
			defaultConfigurationIsVisible = 0;
			defaultConfigurationName = Release;
		};
/* End XCConfigurationList section */
	};
	rootObject = A011050D2E2E0BE40013A909 /* Project object */;
}
